
Microsoft Visual Studio Solution File, Format Version 12.00
# Visual Studio Version 16
VisualStudioVersion = 16.0.31019.35
MinimumVisualStudioVersion = 10.0.40219.1
Project("{FAE04EC0-301F-11D3-BF4B-00C04F79EFBC}") = "AkwadTask", "AkwadTask.csproj", "{F79DB835-9910-4811-BF35-6250FCCF3F55}"
EndProject
Global
	GlobalSection(SolutionConfigurationPlatforms) = preSolution
		Debug|Any CPU = Debug|Any CPU
		Release|Any CPU = Release|Any CPU
	EndGlobalSection
	GlobalSection(ProjectConfigurationPlatforms) = postSolution
		{F79DB835-9910-4811-BF35-6250FCCF3F55}.Debug|Any CPU.ActiveCfg = Debug|Any CPU
		{F79DB835-9910-4811-BF35-6250FCCF3F55}.Debug|Any CPU.Build.0 = Debug|Any CPU
		{F79DB835-9910-4811-BF35-6250FCCF3F55}.Release|Any CPU.ActiveCfg = Release|Any CPU
		{F79DB835-9910-4811-BF35-6250FCCF3F55}.Release|Any CPU.Build.0 = Release|Any CPU
	EndGlobalSection
	GlobalSection(SolutionProperties) = preSolution
		HideSolutionNode = FALSE
	EndGlobalSection
	GlobalSection(ExtensibilityGlobals) = postSolution
		SolutionGuid = {D010AC56-30CB-4699-907C-7E9C533B4B51}
	EndGlobalSection
EndGlobal
